{
  "name": "besiktiga",
  "version": "1.0.0",
  "lockfileVersion": 2,
  "requires": true,
  "packages": {
    "": {
      "name": "besiktiga",
      "version": "1.0.0",
      "license": "ISC",
      "devDependencies": {
        "@types/sharepoint": "^2016.1.14"
      }
    },
    "node_modules/@types/microsoft-ajax": {
      "version": "0.0.40",
      "resolved": "https://registry.npmjs.org/@types/microsoft-ajax/-/microsoft-ajax-0.0.40.tgz",
      "integrity": "sha512-aGPtgpumz7nYZSglgIffhlsoDPx67yvs2mfhNB//07RjEJ9cKlgzqrp5mJFdxBGWWPIwqPjC+qPdN5P4Yyg50g==",
      "dev": true
    },
    "node_modules/@types/sharepoint": {
      "version": "2016.1.14",
      "resolved": "https://registry.npmjs.org/@types/sharepoint/-/sharepoint-2016.1.14.tgz",
      "integrity": "sha512-1UvDbTMZCZqvLNshl/1aWrAk1/AChKENPGBEIDJsqe0o26+vcqHYyEDktzwO3PJ1bJE8z8ak+QG79V2IRcP9xA==",
      "dev": true,
      "dependencies": {
        "@types/microsoft-ajax": "*"
      }
    }
  },
  "dependencies": {
    "@types/microsoft-ajax": {
      "version": "0.0.40",
      "resolved": "https://registry.npmjs.org/@types/microsoft-ajax/-/microsoft-ajax-0.0.40.tgz",
      "integrity": "sha512-aGPtgpumz7nYZSglgIffhlsoDPx67yvs2mfhNB//07RjEJ9cKlgzqrp5mJFdxBGWWPIwqPjC+qPdN5P4Yyg50g==",
      "dev": true
    },
    "@types/sharepoint": {
      "version": "2016.1.14",
      "resolved": "https://registry.npmjs.org/@types/sharepoint/-/sharepoint-2016.1.14.tgz",
      "integrity": "sha512-1UvDbTMZCZqvLNshl/1aWrAk1/AChKENPGBEIDJsqe0o26+vcqHYyEDktzwO3PJ1bJE8z8ak+QG79V2IRcP9xA==",
      "dev": true,
      "requires": {
        "@types/microsoft-ajax": "*"
      }
    }
  }
}
